
Microsoft Visual Studio Solution File, Format Version 12.00
# Visual Studio Version 17
VisualStudioVersion = 17.3.32929.385
MinimumVisualStudioVersion = 10.0.40219.1
Project("{FAE04EC0-301F-11D3-BF4B-00C04F79EFBC}") = "BlazorLeBonCoin", "BlazorLeBonCoin.csproj", "{6A7F1C0C-36C4-449C-8CC2-7D86819CB48C}"
EndProject
Global
	GlobalSection(SolutionConfigurationPlatforms) = preSolution
		Debug|Any CPU = Debug|Any CPU
		Release|Any CPU = Release|Any CPU
	EndGlobalSection
	GlobalSection(ProjectConfigurationPlatforms) = postSolution
		{6A7F1C0C-36C4-449C-8CC2-7D86819CB48C}.Debug|Any CPU.ActiveCfg = Debug|Any CPU
		{6A7F1C0C-36C4-449C-8CC2-7D86819CB48C}.Debug|Any CPU.Build.0 = Debug|Any CPU
		{6A7F1C0C-36C4-449C-8CC2-7D86819CB48C}.Release|Any CPU.ActiveCfg = Release|Any CPU
		{6A7F1C0C-36C4-449C-8CC2-7D86819CB48C}.Release|Any CPU.Build.0 = Release|Any CPU
	EndGlobalSection
	GlobalSection(SolutionProperties) = preSolution
		HideSolutionNode = FALSE
	EndGlobalSection
	GlobalSection(ExtensibilityGlobals) = postSolution
		SolutionGuid = {F795A829-1C1F-4B3D-AF25-138D3D9307E8}
	EndGlobalSection
EndGlobal
